
Microsoft Visual Studio Solution File, Format Version 12.00
# Visual Studio Version 16
VisualStudioVersion = 16.0.29911.84
MinimumVisualStudioVersion = 10.0.40219.1
Project("{FAE04EC0-301F-11D3-BF4B-00C04F79EFBC}") = "programskiJezik", "programskiJezik\programskiJezik.csproj", "{7A738D0A-D9FA-40C6-98B3-C803D0B8F6CA}"
EndProject
Global
	GlobalSection(SolutionConfigurationPlatforms) = preSolution
		Debug|Any CPU = Debug|Any CPU
		Release|Any CPU = Release|Any CPU
	EndGlobalSection
	GlobalSection(ProjectConfigurationPlatforms) = postSolution
		{7A738D0A-D9FA-40C6-98B3-C803D0B8F6CA}.Debug|Any CPU.ActiveCfg = Debug|Any CPU
		{7A738D0A-D9FA-40C6-98B3-C803D0B8F6CA}.Debug|Any CPU.Build.0 = Debug|Any CPU
		{7A738D0A-D9FA-40C6-98B3-C803D0B8F6CA}.Release|Any CPU.ActiveCfg = Release|Any CPU
		{7A738D0A-D9FA-40C6-98B3-C803D0B8F6CA}.Release|Any CPU.Build.0 = Release|Any CPU
	EndGlobalSection
	GlobalSection(SolutionProperties) = preSolution
		HideSolutionNode = FALSE
	EndGlobalSection
	GlobalSection(ExtensibilityGlobals) = postSolution
		SolutionGuid = {2A0391E1-CFC0-4459-B9BC-233ADE35EFAB}
	EndGlobalSection
EndGlobal
